
Microsoft Visual Studio Solution File, Format Version 12.00
# Visual Studio Version 17
VisualStudioVersion = 17.0.31903.59
MinimumVisualStudioVersion = 10.0.40219.1
Project("{FAE04EC0-301F-11D3-BF4B-00C04F79EFBC}") = "Estoque.API", "Estoque.API\Estoque.API.csproj", "{C09E8FFC-A97B-43E6-B7AD-6EB49335B5DB}"
EndProject
Project("{FAE04EC0-301F-11D3-BF4B-00C04F79EFBC}") = "Faturamento.API", "Faturamento.API\Faturamento.API.csproj", "{7F508565-AE44-47ED-A868-BB0243D6015F}"
EndProject
Global
	GlobalSection(SolutionConfigurationPlatforms) = preSolution
		Debug|Any CPU = Debug|Any CPU
		Release|Any CPU = Release|Any CPU
	EndGlobalSection
	GlobalSection(SolutionProperties) = preSolution
		HideSolutionNode = FALSE
	EndGlobalSection
	GlobalSection(ProjectConfigurationPlatforms) = postSolution
		{C09E8FFC-A97B-43E6-B7AD-6EB49335B5DB}.Debug|Any CPU.ActiveCfg = Debug|Any CPU
		{C09E8FFC-A97B-43E6-B7AD-6EB49335B5DB}.Debug|Any CPU.Build.0 = Debug|Any CPU
		{C09E8FFC-A97B-43E6-B7AD-6EB49335B5DB}.Release|Any CPU.ActiveCfg = Release|Any CPU
		{C09E8FFC-A97B-43E6-B7AD-6EB49335B5DB}.Release|Any CPU.Build.0 = Release|Any CPU
		{7F508565-AE44-47ED-A868-BB0243D6015F}.Debug|Any CPU.ActiveCfg = Debug|Any CPU
		{7F508565-AE44-47ED-A868-BB0243D6015F}.Debug|Any CPU.Build.0 = Debug|Any CPU
		{7F508565-AE44-47ED-A868-BB0243D6015F}.Release|Any CPU.ActiveCfg = Release|Any CPU
		{7F508565-AE44-47ED-A868-BB0243D6015F}.Release|Any CPU.Build.0 = Release|Any CPU
	EndGlobalSection
EndGlobal
